
Microsoft Visual Studio Solution File, Format Version 12.00
# Visual Studio Version 17
VisualStudioVersion = 17.11.35312.102
MinimumVisualStudioVersion = 10.0.40219.1
Project("{FAE04EC0-301F-11D3-BF4B-00C04F79EFBC}") = "HelloASP", "HelloASP\HelloASP.csproj", "{FA678929-1AE1-4782-A9D4-AD72F208D314}"
EndProject
Global
	GlobalSection(SolutionConfigurationPlatforms) = preSolution
		Debug|Any CPU = Debug|Any CPU
		Release|Any CPU = Release|Any CPU
	EndGlobalSection
	GlobalSection(ProjectConfigurationPlatforms) = postSolution
		{FA678929-1AE1-4782-A9D4-AD72F208D314}.Debug|Any CPU.ActiveCfg = Debug|Any CPU
		{FA678929-1AE1-4782-A9D4-AD72F208D314}.Debug|Any CPU.Build.0 = Debug|Any CPU
		{FA678929-1AE1-4782-A9D4-AD72F208D314}.Release|Any CPU.ActiveCfg = Release|Any CPU
		{FA678929-1AE1-4782-A9D4-AD72F208D314}.Release|Any CPU.Build.0 = Release|Any CPU
	EndGlobalSection
	GlobalSection(SolutionProperties) = preSolution
		HideSolutionNode = FALSE
	EndGlobalSection
	GlobalSection(ExtensibilityGlobals) = postSolution
		SolutionGuid = {BA5282EE-EC04-4E40-8ECF-E73D7D204570}
	EndGlobalSection
EndGlobal
